
Microsoft Visual Studio Solution File, Format Version 12.00
# Visual Studio Version 17
VisualStudioVersion = 17.11.35208.52
MinimumVisualStudioVersion = 10.0.40219.1
Project("{9A19103F-16F7-4668-BE54-9A1E7A4F7556}") = "weatherMonitoringAndReportingService", "weatherMonitoringAndReportingService.csproj", "{78C2F89E-D2E6-432F-BFE0-97C91D3E483A}"
EndProject
Project("{9A19103F-16F7-4668-BE54-9A1E7A4F7556}") = "weatherMonitoringAndReportingService.Tests", "..\weatherMonitoring.Tests\weatherMonitoringAndReportingService.Tests.csproj", "{6C7F9D1A-1CA6-459A-904C-707D63B2A7BB}"
EndProject
Global
	GlobalSection(SolutionConfigurationPlatforms) = preSolution
		Debug|Any CPU = Debug|Any CPU
		Release|Any CPU = Release|Any CPU
	EndGlobalSection
	GlobalSection(ProjectConfigurationPlatforms) = postSolution
		{78C2F89E-D2E6-432F-BFE0-97C91D3E483A}.Debug|Any CPU.ActiveCfg = Debug|Any CPU
		{78C2F89E-D2E6-432F-BFE0-97C91D3E483A}.Debug|Any CPU.Build.0 = Debug|Any CPU
		{78C2F89E-D2E6-432F-BFE0-97C91D3E483A}.Release|Any CPU.ActiveCfg = Release|Any CPU
		{78C2F89E-D2E6-432F-BFE0-97C91D3E483A}.Release|Any CPU.Build.0 = Release|Any CPU
		{6C7F9D1A-1CA6-459A-904C-707D63B2A7BB}.Debug|Any CPU.ActiveCfg = Debug|Any CPU
		{6C7F9D1A-1CA6-459A-904C-707D63B2A7BB}.Debug|Any CPU.Build.0 = Debug|Any CPU
		{6C7F9D1A-1CA6-459A-904C-707D63B2A7BB}.Release|Any CPU.ActiveCfg = Release|Any CPU
		{6C7F9D1A-1CA6-459A-904C-707D63B2A7BB}.Release|Any CPU.Build.0 = Release|Any CPU
	EndGlobalSection
	GlobalSection(SolutionProperties) = preSolution
		HideSolutionNode = FALSE
	EndGlobalSection
	GlobalSection(ExtensibilityGlobals) = postSolution
		SolutionGuid = {7104DBCA-BAF1-49F9-80B7-09F2CAF4DA58}
	EndGlobalSection
EndGlobal
